
Microsoft Visual Studio Solution File, Format Version 12.00
# Visual Studio 14
VisualStudioVersion = 14.0.25420.1
MinimumVisualStudioVersion = 10.0.40219.1
Project("{FAE04EC0-301F-11D3-BF4B-00C04F79EFBC}") = "Huffman", "Huffman\Huffman.csproj", "{DD583244-DBB4-4690-A66B-78EFEE0F8C21}"
EndProject
Project("{FAE04EC0-301F-11D3-BF4B-00C04F79EFBC}") = "HuffmanTests", "HuffmanTests\HuffmanTests.csproj", "{959A7A82-89DC-4B11-8CF2-7C7955134F53}"
EndProject
Global
	GlobalSection(SolutionConfigurationPlatforms) = preSolution
		Debug|Any CPU = Debug|Any CPU
		Release|Any CPU = Release|Any CPU
	EndGlobalSection
	GlobalSection(ProjectConfigurationPlatforms) = postSolution
		{DD583244-DBB4-4690-A66B-78EFEE0F8C21}.Debug|Any CPU.ActiveCfg = Debug|Any CPU
		{DD583244-DBB4-4690-A66B-78EFEE0F8C21}.Debug|Any CPU.Build.0 = Debug|Any CPU
		{DD583244-DBB4-4690-A66B-78EFEE0F8C21}.Release|Any CPU.ActiveCfg = Release|Any CPU
		{DD583244-DBB4-4690-A66B-78EFEE0F8C21}.Release|Any CPU.Build.0 = Release|Any CPU
		{959A7A82-89DC-4B11-8CF2-7C7955134F53}.Debug|Any CPU.ActiveCfg = Debug|Any CPU
		{959A7A82-89DC-4B11-8CF2-7C7955134F53}.Debug|Any CPU.Build.0 = Debug|Any CPU
		{959A7A82-89DC-4B11-8CF2-7C7955134F53}.Release|Any CPU.ActiveCfg = Release|Any CPU
		{959A7A82-89DC-4B11-8CF2-7C7955134F53}.Release|Any CPU.Build.0 = Release|Any CPU
	EndGlobalSection
	GlobalSection(SolutionProperties) = preSolution
		HideSolutionNode = FALSE
	EndGlobalSection
EndGlobal
